// !$*UTF8*$!
{
	archiveVersion = 1;
	classes = {
	};
	objectVersion = 56;
	objects = {

/* Begin PBXBuildFile section */
		CF2C7FDA2C8FD1970050AD97 /* CardApp.swift in Sources */ = {isa = PBXBuildFile; fileRef = CF2C7FD92C8FD1970050AD97 /* CardApp.swift */; };
		CF2C7FDC2C8FD1970050AD97 /* ContentView.swift in Sources */ = {isa = PBXBuildFile; fileRef = CF2C7FDB2C8FD1970050AD97 /* ContentView.swift */; };
		CF2C7FDE2C8FD1980050AD97 /* Assets.xcassets in Resources */ = {isa = PBXBuildFile; fileRef = CF2C7FDD2C8FD1980050AD97 /* Assets.xcassets */; };
		CF2C7FE12C8FD1980050AD97 /* Preview Assets.xcassets in Resources */ = {isa = PBXBuildFile; fileRef = CF2C7FE02C8FD1980050AD97 /* Preview Assets.xcassets */; };
		CF2C7FEB2C8FD1980050AD97 /* CardTests.swift in Sources */ = {isa = PBXBuildFile; fileRef = CF2C7FEA2C8FD1980050AD97 /* CardTests.swift */; };
		CF2C7FF52C8FD1980050AD97 /* CardUITests.swift in Sources */ = {isa = PBXBuildFile; fileRef = CF2C7FF42C8FD1980050AD97 /* CardUITests.swift */; };
		CF2C7FF72C8FD1980050AD97 /* CardUITestsLaunchTests.swift in Sources */ = {isa = PBXBuildFile; fileRef = CF2C7FF62C8FD1980050AD97 /* CardUITestsLaunchTests.swift */; };
		CF2C80042C8FD1DF0050AD97 /* CardListView.swift in Sources */ = {isa = PBXBuildFile; fileRef = CF2C80032C8FD1DF0050AD97 /* CardListView.swift */; };
		CF2C80062C8FD2C00050AD97 /* CardThumbnail.swift in Sources */ = {isa = PBXBuildFile; fileRef = CF2C80052C8FD2C00050AD97 /* CardThumbnail.swift */; };
		CF2C80092C8FD3670050AD97 /* SingleCardView.swift in Sources */ = {isa = PBXBuildFile; fileRef = CF2C80082C8FD3670050AD97 /* SingleCardView.swift */; };
		CF2C800B2C8FD4BD0050AD97 /* ToolbarSelection.swift in Sources */ = {isa = PBXBuildFile; fileRef = CF2C800A2C8FD4BD0050AD97 /* ToolbarSelection.swift */; };
		CF2C800D2C8FD4F80050AD97 /* BottomToolbar.swift in Sources */ = {isa = PBXBuildFile; fileRef = CF2C800C2C8FD4F80050AD97 /* BottomToolbar.swift */; };
		CF2C80102C8FDB210050AD97 /* ResizableView.swift in Sources */ = {isa = PBXBuildFile; fileRef = CF2C800F2C8FDB210050AD97 /* ResizableView.swift */; };
		CF2C80122C8FDB8F0050AD97 /* Transform.swift in Sources */ = {isa = PBXBuildFile; fileRef = CF2C80112C8FDB8F0050AD97 /* Transform.swift */; };
		CF2C80142C8FDD440050AD97 /* Operators.swift in Sources */ = {isa = PBXBuildFile; fileRef = CF2C80132C8FDD440050AD97 /* Operators.swift */; };
		CF2C80172C8FE3830050AD97 /* Config.swift in Sources */ = {isa = PBXBuildFile; fileRef = CF2C80162C8FE3830050AD97 /* Config.swift */; };
		CF2C801A2C8FE4CF0050AD97 /* ColorExtensions.swift in Sources */ = {isa = PBXBuildFile; fileRef = CF2C80192C8FE4CF0050AD97 /* ColorExtensions.swift */; };
		CF2C801C2C8FE6240050AD97 /* CardToolbar.swift in Sources */ = {isa = PBXBuildFile; fileRef = CF2C801B2C8FE6230050AD97 /* CardToolbar.swift */; };
		CF2C801E2C8FE9CD0050AD97 /* PreviewData.swift in Sources */ = {isa = PBXBuildFile; fileRef = CF2C801D2C8FE9CD0050AD97 /* PreviewData.swift */; };
		CF2C80202C8FEA3C0050AD97 /* TextExtensions.swift in Sources */ = {isa = PBXBuildFile; fileRef = CF2C801F2C8FEA3C0050AD97 /* TextExtensions.swift */; };
		CF2C80222C8FEAFD0050AD97 /* CardElement.swift in Sources */ = {isa = PBXBuildFile; fileRef = CF2C80212C8FEAFD0050AD97 /* CardElement.swift */; };
		CF2C80262C8FEB390050AD97 /* Card.swift in Sources */ = {isa = PBXBuildFile; fileRef = CF2C80252C8FEB390050AD97 /* Card.swift */; };
		CF2C80282C8FEB9D0050AD97 /* CardStore.swift in Sources */ = {isa = PBXBuildFile; fileRef = CF2C80272C8FEB9D0050AD97 /* CardStore.swift */; };
		CF2C802A2C8FF3F10050AD97 /* CardDetailView.swift in Sources */ = {isa = PBXBuildFile; fileRef = CF2C80292C8FF3F10050AD97 /* CardDetailView.swift */; };
		CF2C802C2C8FF4AF0050AD97 /* CardElementView.swift in Sources */ = {isa = PBXBuildFile; fileRef = CF2C802B2C8FF4AF0050AD97 /* CardElementView.swift */; };
		CFCAE3682C907D3B005599AD /* Stickers in Resources */ = {isa = PBXBuildFile; fileRef = CFCAE3672C907D3B005599AD /* Stickers */; };
		CFCAE36A2C907E22005599AD /* StickerModal.swift in Sources */ = {isa = PBXBuildFile; fileRef = CFCAE3692C907E22005599AD /* StickerModal.swift */; };
/* End PBXBuildFile section */

/* Begin PBXContainerItemProxy section */
		CF2C7FE72C8FD1980050AD97 /* PBXContainerItemProxy */ = {
			isa = PBXContainerItemProxy;
			containerPortal = CF2C7FCE2C8FD1970050AD97 /* Project object */;
			proxyType = 1;
			remoteGlobalIDString = CF2C7FD52C8FD1970050AD97;
			remoteInfo = Card;
		};
		CF2C7FF12C8FD1980050AD97 /* PBXContainerItemProxy */ = {
			isa = PBXContainerItemProxy;
			containerPortal = CF2C7FCE2C8FD1970050AD97 /* Project object */;
			proxyType = 1;
			remoteGlobalIDString = CF2C7FD52C8FD1970050AD97;
			remoteInfo = Card;
		};
/* End PBXContainerItemProxy section */

/* Begin PBXFileReference section */
		CF2C7FD62C8FD1970050AD97 /* Card.app */ = {isa = PBXFileReference; explicitFileType = wrapper.application; includeInIndex = 0; path = Card.app; sourceTree = BUILT_PRODUCTS_DIR; };
		CF2C7FD92C8FD1970050AD97 /* CardApp.swift */ = {isa = PBXFileReference; lastKnownFileType = sourcecode.swift; path = CardApp.swift; sourceTree = "<group>"; };
		CF2C7FDB2C8FD1970050AD97 /* ContentView.swift */ = {isa = PBXFileReference; lastKnownFileType = sourcecode.swift; path = ContentView.swift; sourceTree = "<group>"; };
		CF2C7FDD2C8FD1980050AD97 /* Assets.xcassets */ = {isa = PBXFileReference; lastKnownFileType = folder.assetcatalog; path = Assets.xcassets; sourceTree = "<group>"; };
		CF2C7FE02C8FD1980050AD97 /* Preview Assets.xcassets */ = {isa = PBXFileReference; lastKnownFileType = folder.assetcatalog; path = "Preview Assets.xcassets"; sourceTree = "<group>"; };
		CF2C7FE62C8FD1980050AD97 /* CardTests.xctest */ = {isa = PBXFileReference; explicitFileType = wrapper.cfbundle; includeInIndex = 0; path = CardTests.xctest; sourceTree = BUILT_PRODUCTS_DIR; };
		CF2C7FEA2C8FD1980050AD97 /* CardTests.swift */ = {isa = PBXFileReference; lastKnownFileType = sourcecode.swift; path = CardTests.swift; sourceTree = "<group>"; };
		CF2C7FF02C8FD1980050AD97 /* CardUITests.xctest */ = {isa = PBXFileReference; explicitFileType = wrapper.cfbundle; includeInIndex = 0; path = CardUITests.xctest; sourceTree = BUILT_PRODUCTS_DIR; };
		CF2C7FF42C8FD1980050AD97 /* CardUITests.swift */ = {isa = PBXFileReference; lastKnownFileType = sourcecode.swift; path = CardUITests.swift; sourceTree = "<group>"; };
		CF2C7FF62C8FD1980050AD97 /* CardUITestsLaunchTests.swift */ = {isa = PBXFileReference; lastKnownFileType = sourcecode.swift; path = CardUITestsLaunchTests.swift; sourceTree = "<group>"; };
		CF2C80032C8FD1DF0050AD97 /* CardListView.swift */ = {isa = PBXFileReference; lastKnownFileType = sourcecode.swift; path = CardListView.swift; sourceTree = "<group>"; };
		CF2C80052C8FD2C00050AD97 /* CardThumbnail.swift */ = {isa = PBXFileReference; lastKnownFileType = sourcecode.swift; path = CardThumbnail.swift; sourceTree = "<group>"; };
		CF2C80082C8FD3670050AD97 /* SingleCardView.swift */ = {isa = PBXFileReference; lastKnownFileType = sourcecode.swift; path = SingleCardView.swift; sourceTree = "<group>"; };
		CF2C800A2C8FD4BD0050AD97 /* ToolbarSelection.swift */ = {isa = PBXFileReference; lastKnownFileType = sourcecode.swift; path = ToolbarSelection.swift; sourceTree = "<group>"; };
		CF2C800C2C8FD4F80050AD97 /* BottomToolbar.swift */ = {isa = PBXFileReference; lastKnownFileType = sourcecode.swift; path = BottomToolbar.swift; sourceTree = "<group>"; };
		CF2C800F2C8FDB210050AD97 /* ResizableView.swift */ = {isa = PBXFileReference; lastKnownFileType = sourcecode.swift; path = ResizableView.swift; sourceTree = "<group>"; };
		CF2C80112C8FDB8F0050AD97 /* Transform.swift */ = {isa = PBXFileReference; lastKnownFileType = sourcecode.swift; path = Transform.swift; sourceTree = "<group>"; };
		CF2C80132C8FDD440050AD97 /* Operators.swift */ = {isa = PBXFileReference; lastKnownFileType = sourcecode.swift; path = Operators.swift; sourceTree = "<group>"; };
		CF2C80162C8FE3830050AD97 /* Config.swift */ = {isa = PBXFileReference; lastKnownFileType = sourcecode.swift; path = Config.swift; sourceTree = "<group>"; };
		CF2C80192C8FE4CF0050AD97 /* ColorExtensions.swift */ = {isa = PBXFileReference; lastKnownFileType = sourcecode.swift; path = ColorExtensions.swift; sourceTree = "<group>"; };
		CF2C801B2C8FE6230050AD97 /* CardToolbar.swift */ = {isa = PBXFileReference; lastKnownFileType = sourcecode.swift; path = CardToolbar.swift; sourceTree = "<group>"; };
		CF2C801D2C8FE9CD0050AD97 /* PreviewData.swift */ = {isa = PBXFileReference; lastKnownFileType = sourcecode.swift; path = PreviewData.swift; sourceTree = "<group>"; };
		CF2C801F2C8FEA3C0050AD97 /* TextExtensions.swift */ = {isa = PBXFileReference; lastKnownFileType = sourcecode.swift; path = TextExtensions.swift; sourceTree = "<group>"; };
		CF2C80212C8FEAFD0050AD97 /* CardElement.swift */ = {isa = PBXFileReference; lastKnownFileType = sourcecode.swift; path = CardElement.swift; sourceTree = "<group>"; };
		CF2C80252C8FEB390050AD97 /* Card.swift */ = {isa = PBXFileReference; lastKnownFileType = sourcecode.swift; path = Card.swift; sourceTree = "<group>"; };
		CF2C80272C8FEB9D0050AD97 /* CardStore.swift */ = {isa = PBXFileReference; lastKnownFileType = sourcecode.swift; path = CardStore.swift; sourceTree = "<group>"; };
		CF2C80292C8FF3F10050AD97 /* CardDetailView.swift */ = {isa = PBXFileReference; lastKnownFileType = sourcecode.swift; path = CardDetailView.swift; sourceTree = "<group>"; };
		CF2C802B2C8FF4AF0050AD97 /* CardElementView.swift */ = {isa = PBXFileReference; lastKnownFileType = sourcecode.swift; path = CardElementView.swift; sourceTree = "<group>"; };
		CFCAE3662C907B42005599AD /* Info.plist */ = {isa = PBXFileReference; lastKnownFileType = text.plist; path = Info.plist; sourceTree = "<group>"; };
		CFCAE3672C907D3B005599AD /* Stickers */ = {isa = PBXFileReference; lastKnownFileType = folder; path = Stickers; sourceTree = "<group>"; };
		CFCAE3692C907E22005599AD /* StickerModal.swift */ = {isa = PBXFileReference; lastKnownFileType = sourcecode.swift; path = StickerModal.swift; sourceTree = "<group>"; };
/* End PBXFileReference section */

/* Begin PBXFrameworksBuildPhase section */
		CF2C7FD32C8FD1970050AD97 /* Frameworks */ = {
			isa = PBXFrameworksBuildPhase;
			buildActionMask = 2147483647;
			files = (
			);
			runOnlyForDeploymentPostprocessing = 0;
		};
		CF2C7FE32C8FD1980050AD97 /* Frameworks */ = {
			isa = PBXFrameworksBuildPhase;
			buildActionMask = 2147483647;
			files = (
			);
			runOnlyForDeploymentPostprocessing = 0;
		};
		CF2C7FED2C8FD1980050AD97 /* Frameworks */ = {
			isa = PBXFrameworksBuildPhase;
			buildActionMask = 2147483647;
			files = (
			);
			runOnlyForDeploymentPostprocessing = 0;
		};
/* End PBXFrameworksBuildPhase section */

/* Begin PBXGroup section */
		CF2C7FCD2C8FD1970050AD97 = {
			isa = PBXGroup;
			children = (
				CF2C7FD82C8FD1970050AD97 /* Card */,
				CF2C80072C8FD2D30050AD97 /* Views */,
				CF2C800E2C8FDAB50050AD97 /* Model */,
				CF2C80152C8FE3660050AD97 /* Config */,
				CF2C80182C8FE4B50050AD97 /* Extensions */,
				CFCAE3672C907D3B005599AD /* Stickers */,
				CF2C7FE92C8FD1980050AD97 /* CardTests */,
				CF2C7FF32C8FD1980050AD97 /* CardUITests */,
				CF2C7FD72C8FD1970050AD97 /* Products */,
			);
			sourceTree = "<group>";
		};
		CF2C7FD72C8FD1970050AD97 /* Products */ = {
			isa = PBXGroup;
			children = (
				CF2C7FD62C8FD1970050AD97 /* Card.app */,
				CF2C7FE62C8FD1980050AD97 /* CardTests.xctest */,
				CF2C7FF02C8FD1980050AD97 /* CardUITests.xctest */,
			);
			name = Products;
			sourceTree = "<group>";
		};
		CF2C7FD82C8FD1970050AD97 /* Card */ = {
			isa = PBXGroup;
			children = (
				CFCAE3662C907B42005599AD /* Info.plist */,
				CF2C7FD92C8FD1970050AD97 /* CardApp.swift */,
				CF2C7FDD2C8FD1980050AD97 /* Assets.xcassets */,
				CF2C7FDF2C8FD1980050AD97 /* Preview Content */,
			);
			path = Card;
			sourceTree = "<group>";
		};
		CF2C7FDF2C8FD1980050AD97 /* Preview Content */ = {
			isa = PBXGroup;
			children = (
				CF2C7FE02C8FD1980050AD97 /* Preview Assets.xcassets */,
				CF2C801D2C8FE9CD0050AD97 /* PreviewData.swift */,
			);
			path = "Preview Content";
			sourceTree = "<group>";
		};
		CF2C7FE92C8FD1980050AD97 /* CardTests */ = {
			isa = PBXGroup;
			children = (
				CF2C7FEA2C8FD1980050AD97 /* CardTests.swift */,
			);
			path = CardTests;
			sourceTree = "<group>";
		};
		CF2C7FF32C8FD1980050AD97 /* CardUITests */ = {
			isa = PBXGroup;
			children = (
				CF2C7FF42C8FD1980050AD97 /* CardUITests.swift */,
				CF2C7FF62C8FD1980050AD97 /* CardUITestsLaunchTests.swift */,
			);
			path = CardUITests;
			sourceTree = "<group>";
		};
		CF2C80072C8FD2D30050AD97 /* Views */ = {
			isa = PBXGroup;
			children = (
				CFCAE36B2C907E29005599AD /* Card Modal Views */,
				CF2C7FDB2C8FD1970050AD97 /* ContentView.swift */,
				CF2C80032C8FD1DF0050AD97 /* CardListView.swift */,
				CF2C80292C8FF3F10050AD97 /* CardDetailView.swift */,
				CF2C802B2C8FF4AF0050AD97 /* CardElementView.swift */,
				CF2C801B2C8FE6230050AD97 /* CardToolbar.swift */,
				CF2C800F2C8FDB210050AD97 /* ResizableView.swift */,
				CF2C800C2C8FD4F80050AD97 /* BottomToolbar.swift */,
				CF2C80252C8FEB390050AD97 /* Card.swift */,
				CF2C80272C8FEB9D0050AD97 /* CardStore.swift */,
				CF2C80082C8FD3670050AD97 /* SingleCardView.swift */,
				CF2C80052C8FD2C00050AD97 /* CardThumbnail.swift */,
			);
			path = Views;
			sourceTree = "<group>";
		};
		CF2C800E2C8FDAB50050AD97 /* Model */ = {
			isa = PBXGroup;
			children = (
				CF2C800A2C8FD4BD0050AD97 /* ToolbarSelection.swift */,
				CF2C80112C8FDB8F0050AD97 /* Transform.swift */,
				CF2C80212C8FEAFD0050AD97 /* CardElement.swift */,
				CF2C80132C8FDD440050AD97 /* Operators.swift */,
			);
			path = Model;
			sourceTree = "<group>";
		};
		CF2C80152C8FE3660050AD97 /* Config */ = {
			isa = PBXGroup;
			children = (
				CF2C80162C8FE3830050AD97 /* Config.swift */,
			);
			path = Config;
			sourceTree = "<group>";
		};
		CF2C80182C8FE4B50050AD97 /* Extensions */ = {
			isa = PBXGroup;
			children = (
				CF2C80192C8FE4CF0050AD97 /* ColorExtensions.swift */,
				CF2C801F2C8FEA3C0050AD97 /* TextExtensions.swift */,
			);
			path = Extensions;
			sourceTree = "<group>";
		};
		CFCAE36B2C907E29005599AD /* Card Modal Views */ = {
			isa = PBXGroup;
			children = (
				CFCAE3692C907E22005599AD /* StickerModal.swift */,
			);
			path = "Card Modal Views";
			sourceTree = "<group>";
		};
/* End PBXGroup section */

/* Begin PBXNativeTarget section */
		CF2C7FD52C8FD1970050AD97 /* Card */ = {
			isa = PBXNativeTarget;
			buildConfigurationList = CF2C7FFA2C8FD1980050AD97 /* Build configuration list for PBXNativeTarget "Card" */;
			buildPhases = (
				CF2C7FD22C8FD1970050AD97 /* Sources */,
				CF2C7FD32C8FD1970050AD97 /* Frameworks */,
				CF2C7FD42C8FD1970050AD97 /* Resources */,
			);
			buildRules = (
			);
			dependencies = (
			);
			name = Card;
			productName = Card;
			productReference = CF2C7FD62C8FD1970050AD97 /* Card.app */;
			productType = "com.apple.product-type.application";
		};
		CF2C7FE52C8FD1980050AD97 /* CardTests */ = {
			isa = PBXNativeTarget;
			buildConfigurationList = CF2C7FFD2C8FD1980050AD97 /* Build configuration list for PBXNativeTarget "CardTests" */;
			buildPhases = (
				CF2C7FE22C8FD1980050AD97 /* Sources */,
				CF2C7FE32C8FD1980050AD97 /* Frameworks */,
				CF2C7FE42C8FD1980050AD97 /* Resources */,
			);
			buildRules = (
			);
			dependencies = (
				CF2C7FE82C8FD1980050AD97 /* PBXTargetDependency */,
			);
			name = CardTests;
			productName = CardTests;
			productReference = CF2C7FE62C8FD1980050AD97 /* CardTests.xctest */;
			productType = "com.apple.product-type.bundle.unit-test";
		};
		CF2C7FEF2C8FD1980050AD97 /* CardUITests */ = {
			isa = PBXNativeTarget;
			buildConfigurationList = CF2C80002C8FD1980050AD97 /* Build configuration list for PBXNativeTarget "CardUITests" */;
			buildPhases = (
				CF2C7FEC2C8FD1980050AD97 /* Sources */,
				CF2C7FED2C8FD1980050AD97 /* Frameworks */,
				CF2C7FEE2C8FD1980050AD97 /* Resources */,
			);
			buildRules = (
			);
			dependencies = (
				CF2C7FF22C8FD1980050AD97 /* PBXTargetDependency */,
			);
			name = CardUITests;
			productName = CardUITests;
			productReference = CF2C7FF02C8FD1980050AD97 /* CardUITests.xctest */;
			productType = "com.apple.product-type.bundle.ui-testing";
		};
/* End PBXNativeTarget section */

/* Begin PBXProject section */
		CF2C7FCE2C8FD1970050AD97 /* Project object */ = {
			isa = PBXProject;
			attributes = {
				BuildIndependentTargetsInParallel = 1;
				LastSwiftUpdateCheck = 1540;
				LastUpgradeCheck = 1540;
				TargetAttributes = {
					CF2C7FD52C8FD1970050AD97 = {
						CreatedOnToolsVersion = 15.4;
					};
					CF2C7FE52C8FD1980050AD97 = {
						CreatedOnToolsVersion = 15.4;
						TestTargetID = CF2C7FD52C8FD1970050AD97;
					};
					CF2C7FEF2C8FD1980050AD97 = {
						CreatedOnToolsVersion = 15.4;
						TestTargetID = CF2C7FD52C8FD1970050AD97;
					};
				};
			};
			buildConfigurationList = CF2C7FD12C8FD1970050AD97 /* Build configuration list for PBXProject "Card" */;
			compatibilityVersion = "Xcode 14.0";
			developmentRegion = en;
			hasScannedForEncodings = 0;
			knownRegions = (
				en,
				Base,
			);
			mainGroup = CF2C7FCD2C8FD1970050AD97;
			productRefGroup = CF2C7FD72C8FD1970050AD97 /* Products */;
			projectDirPath = "";
			projectRoot = "";
			targets = (
				CF2C7FD52C8FD1970050AD97 /* Card */,
				CF2C7FE52C8FD1980050AD97 /* CardTests */,
				CF2C7FEF2C8FD1980050AD97 /* CardUITests */,
			);
		};
/* End PBXProject section */

/* Begin PBXResourcesBuildPhase section */
		CF2C7FD42C8FD1970050AD97 /* Resources */ = {
			isa = PBXResourcesBuildPhase;
			buildActionMask = 2147483647;
			files = (
				CF2C7FE12C8FD1980050AD97 /* Preview Assets.xcassets in Resources */,
				CF2C7FDE2C8FD1980050AD97 /* Assets.xcassets in Resources */,
				CFCAE3682C907D3B005599AD /* Stickers in Resources */,
			);
			runOnlyForDeploymentPostprocessing = 0;
		};
		CF2C7FE42C8FD1980050AD97 /* Resources */ = {
			isa = PBXResourcesBuildPhase;
			buildActionMask = 2147483647;
			files = (
			);
			runOnlyForDeploymentPostprocessing = 0;
		};
		CF2C7FEE2C8FD1980050AD97 /* Resources */ = {
			isa = PBXResourcesBuildPhase;
			buildActionMask = 2147483647;
			files = (
			);
			runOnlyForDeploymentPostprocessing = 0;
		};
/* End PBXResourcesBuildPhase section */

/* Begin PBXSourcesBuildPhase section */
		CF2C7FD22C8FD1970050AD97 /* Sources */ = {
			isa = PBXSourcesBuildPhase;
			buildActionMask = 2147483647;
			files = (
				CF2C802A2C8FF3F10050AD97 /* CardDetailView.swift in Sources */,
				CF2C80222C8FEAFD0050AD97 /* CardElement.swift in Sources */,
				CFCAE36A2C907E22005599AD /* StickerModal.swift in Sources */,
				CF2C80062C8FD2C00050AD97 /* CardThumbnail.swift in Sources */,
				CF2C80142C8FDD440050AD97 /* Operators.swift in Sources */,
				CF2C801C2C8FE6240050AD97 /* CardToolbar.swift in Sources */,
				CF2C7FDC2C8FD1970050AD97 /* ContentView.swift in Sources */,
				CF2C80202C8FEA3C0050AD97 /* TextExtensions.swift in Sources */,
				CF2C80262C8FEB390050AD97 /* Card.swift in Sources */,
				CF2C801E2C8FE9CD0050AD97 /* PreviewData.swift in Sources */,
				CF2C80102C8FDB210050AD97 /* ResizableView.swift in Sources */,
				CF2C80172C8FE3830050AD97 /* Config.swift in Sources */,
				CF2C80042C8FD1DF0050AD97 /* CardListView.swift in Sources */,
				CF2C80092C8FD3670050AD97 /* SingleCardView.swift in Sources */,
				CF2C800B2C8FD4BD0050AD97 /* ToolbarSelection.swift in Sources */,
				CF2C800D2C8FD4F80050AD97 /* BottomToolbar.swift in Sources */,
				CF2C802C2C8FF4AF0050AD97 /* CardElementView.swift in Sources */,
				CF2C80122C8FDB8F0050AD97 /* Transform.swift in Sources */,
				CF2C80282C8FEB9D0050AD97 /* CardStore.swift in Sources */,
				CF2C7FDA2C8FD1970050AD97 /* CardApp.swift in Sources */,
				CF2C801A2C8FE4CF0050AD97 /* ColorExtensions.swift in Sources */,
			);
			runOnlyForDeploymentPostprocessing = 0;
		};
		CF2C7FE22C8FD1980050AD97 /* Sources */ = {
			isa = PBXSourcesBuildPhase;
			buildActionMask = 2147483647;
			files = (
				CF2C7FEB2C8FD1980050AD97 /* CardTests.swift in Sources */,
			);
			runOnlyForDeploymentPostprocessing = 0;
		};
		CF2C7FEC2C8FD1980050AD97 /* Sources */ = {
			isa = PBXSourcesBuildPhase;
			buildActionMask = 2147483647;
			files = (
				CF2C7FF72C8FD1980050AD97 /* CardUITestsLaunchTests.swift in Sources */,
				CF2C7FF52C8FD1980050AD97 /* CardUITests.swift in Sources */,
			);
			runOnlyForDeploymentPostprocessing = 0;
		};
/* End PBXSourcesBuildPhase section */

/* Begin PBXTargetDependency section */
		CF2C7FE82C8FD1980050AD97 /* PBXTargetDependency */ = {
			isa = PBXTargetDependency;
			target = CF2C7FD52C8FD1970050AD97 /* Card */;
			targetProxy = CF2C7FE72C8FD1980050AD97 /* PBXContainerItemProxy */;
		};
		CF2C7FF22C8FD1980050AD97 /* PBXTargetDependency */ = {
			isa = PBXTargetDependency;
			target = CF2C7FD52C8FD1970050AD97 /* Card */;
			targetProxy = CF2C7FF12C8FD1980050AD97 /* PBXContainerItemProxy */;
		};
/* End PBXTargetDependency section */

/* Begin XCBuildConfiguration section */
		CF2C7FF82C8FD1980050AD97 /* Debug */ = {
			isa = XCBuildConfiguration;
			buildSettings = {
				ALWAYS_SEARCH_USER_PATHS = NO;
				ASSETCATALOG_COMPILER_GENERATE_SWIFT_ASSET_SYMBOL_EXTENSIONS = YES;
				CLANG_ANALYZER_NONNULL = YES;
				CLANG_ANALYZER_NUMBER_OBJECT_CONVERSION = YES_AGGRESSIVE;
				CLANG_CXX_LANGUAGE_STANDARD = "gnu++20";
				CLANG_ENABLE_MODULES = YES;
				CLANG_ENABLE_OBJC_ARC = YES;
				CLANG_ENABLE_OBJC_WEAK = YES;
				CLANG_WARN_BLOCK_CAPTURE_AUTORELEASING = YES;
				CLANG_WARN_BOOL_CONVERSION = YES;
				CLANG_WARN_COMMA = YES;
				CLANG_WARN_CONSTANT_CONVERSION = YES;
				CLANG_WARN_DEPRECATED_OBJC_IMPLEMENTATIONS = YES;
				CLANG_WARN_DIRECT_OBJC_ISA_USAGE = YES_ERROR;
				CLANG_WARN_DOCUMENTATION_COMMENTS = YES;
				CLANG_WARN_EMPTY_BODY = YES;
				CLANG_WARN_ENUM_CONVERSION = YES;
				CLANG_WARN_INFINITE_RECURSION = YES;
				CLANG_WARN_INT_CONVERSION = YES;
				CLANG_WARN_NON_LITERAL_NULL_CONVERSION = YES;
				CLANG_WARN_OBJC_IMPLICIT_RETAIN_SELF = YES;
				CLANG_WARN_OBJC_LITERAL_CONVERSION = YES;
				CLANG_WARN_OBJC_ROOT_CLASS = YES_ERROR;
				CLANG_WARN_QUOTED_INCLUDE_IN_FRAMEWORK_HEADER = YES;
				CLANG_WARN_RANGE_LOOP_ANALYSIS = YES;
				CLANG_WARN_STRICT_PROTOTYPES = YES;
				CLANG_WARN_SUSPICIOUS_MOVE = YES;
				CLANG_WARN_UNGUARDED_AVAILABILITY = YES_AGGRESSIVE;
				CLANG_WARN_UNREACHABLE_CODE = YES;
				CLANG_WARN__DUPLICATE_METHOD_MATCH = YES;
				COPY_PHASE_STRIP = NO;
				DEBUG_INFORMATION_FORMAT = dwarf;
				ENABLE_STRICT_OBJC_MSGSEND = YES;
				ENABLE_TESTABILITY = YES;
				ENABLE_USER_SCRIPT_SANDBOXING = YES;
				GCC_C_LANGUAGE_STANDARD = gnu17;
				GCC_DYNAMIC_NO_PIC = NO;
				GCC_NO_COMMON_BLOCKS = YES;
				GCC_OPTIMIZATION_LEVEL = 0;
				GCC_PREPROCESSOR_DEFINITIONS = (
					"DEBUG=1",
					"$(inherited)",
				);
				GCC_WARN_64_TO_32_BIT_CONVERSION = YES;
				GCC_WARN_ABOUT_RETURN_TYPE = YES_ERROR;
				GCC_WARN_UNDECLARED_SELECTOR = YES;
				GCC_WARN_UNINITIALIZED_AUTOS = YES_AGGRESSIVE;
				GCC_WARN_UNUSED_FUNCTION = YES;
				GCC_WARN_UNUSED_VARIABLE = YES;
				IPHONEOS_DEPLOYMENT_TARGET = 17.5;
				LOCALIZATION_PREFERS_STRING_CATALOGS = YES;
				MTL_ENABLE_DEBUG_INFO = INCLUDE_SOURCE;
				MTL_FAST_MATH = YES;
				ONLY_ACTIVE_ARCH = YES;
				SDKROOT = iphoneos;
				SWIFT_ACTIVE_COMPILATION_CONDITIONS = "DEBUG $(inherited)";
				SWIFT_OPTIMIZATION_LEVEL = "-Onone";
			};
			name = Debug;
		};
		CF2C7FF92C8FD1980050AD97 /* Release */ = {
			isa = XCBuildConfiguration;
			buildSettings = {
				ALWAYS_SEARCH_USER_PATHS = NO;
				ASSETCATALOG_COMPILER_GENERATE_SWIFT_ASSET_SYMBOL_EXTENSIONS = YES;
				CLANG_ANALYZER_NONNULL = YES;
				CLANG_ANALYZER_NUMBER_OBJECT_CONVERSION = YES_AGGRESSIVE;
				CLANG_CXX_LANGUAGE_STANDARD = "gnu++20";
				CLANG_ENABLE_MODULES = YES;
				CLANG_ENABLE_OBJC_ARC = YES;
				CLANG_ENABLE_OBJC_WEAK = YES;
				CLANG_WARN_BLOCK_CAPTURE_AUTORELEASING = YES;
				CLANG_WARN_BOOL_CONVERSION = YES;
				CLANG_WARN_COMMA = YES;
				CLANG_WARN_CONSTANT_CONVERSION = YES;
				CLANG_WARN_DEPRECATED_OBJC_IMPLEMENTATIONS = YES;
				CLANG_WARN_DIRECT_OBJC_ISA_USAGE = YES_ERROR;
				CLANG_WARN_DOCUMENTATION_COMMENTS = YES;
				CLANG_WARN_EMPTY_BODY = YES;
				CLANG_WARN_ENUM_CONVERSION = YES;
				CLANG_WARN_INFINITE_RECURSION = YES;
				CLANG_WARN_INT_CONVERSION = YES;
				CLANG_WARN_NON_LITERAL_NULL_CONVERSION = YES;
				CLANG_WARN_OBJC_IMPLICIT_RETAIN_SELF = YES;
				CLANG_WARN_OBJC_LITERAL_CONVERSION = YES;
				CLANG_WARN_OBJC_ROOT_CLASS = YES_ERROR;
				CLANG_WARN_QUOTED_INCLUDE_IN_FRAMEWORK_HEADER = YES;
				CLANG_WARN_RANGE_LOOP_ANALYSIS = YES;
				CLANG_WARN_STRICT_PROTOTYPES = YES;
				CLANG_WARN_SUSPICIOUS_MOVE = YES;
				CLANG_WARN_UNGUARDED_AVAILABILITY = YES_AGGRESSIVE;
				CLANG_WARN_UNREACHABLE_CODE = YES;
				CLANG_WARN__DUPLICATE_METHOD_MATCH = YES;
				COPY_PHASE_STRIP = NO;
				DEBUG_INFORMATION_FORMAT = "dwarf-with-dsym";
				ENABLE_NS_ASSERTIONS = NO;
				ENABLE_STRICT_OBJC_MSGSEND = YES;
				ENABLE_USER_SCRIPT_SANDBOXING = YES;
				GCC_C_LANGUAGE_STANDARD = gnu17;
				GCC_NO_COMMON_BLOCKS = YES;
				GCC_WARN_64_TO_32_BIT_CONVERSION = YES;
				GCC_WARN_ABOUT_RETURN_TYPE = YES_ERROR;
				GCC_WARN_UNDECLARED_SELECTOR = YES;
				GCC_WARN_UNINITIALIZED_AUTOS = YES_AGGRESSIVE;
				GCC_WARN_UNUSED_FUNCTION = YES;
				GCC_WARN_UNUSED_VARIABLE = YES;
				IPHONEOS_DEPLOYMENT_TARGET = 17.5;
				LOCALIZATION_PREFERS_STRING_CATALOGS = YES;
				MTL_ENABLE_DEBUG_INFO = NO;
				MTL_FAST_MATH = YES;
				SDKROOT = iphoneos;
				SWIFT_COMPILATION_MODE = wholemodule;
				VALIDATE_PRODUCT = YES;
			};
			name = Release;
		};
		CF2C7FFB2C8FD1980050AD97 /* Debug */ = {
			isa = XCBuildConfiguration;
			buildSettings = {
				ASSETCATALOG_COMPILER_APPICON_NAME = AppIcon;
				ASSETCATALOG_COMPILER_GLOBAL_ACCENT_COLOR_NAME = AccentColor;
				CODE_SIGN_STYLE = Automatic;
				CURRENT_PROJECT_VERSION = 1;
				DEVELOPMENT_ASSET_PATHS = "\"Card/Preview Content\"";
				ENABLE_PREVIEWS = YES;
				GENERATE_INFOPLIST_FILE = YES;
				INFOPLIST_FILE = Card/Info.plist;
				INFOPLIST_KEY_UIApplicationSceneManifest_Generation = YES;
				INFOPLIST_KEY_UIApplicationSupportsIndirectInputEvents = YES;
				INFOPLIST_KEY_UISupportedInterfaceOrientations_iPad = "UIInterfaceOrientationPortrait UIInterfaceOrientationPortraitUpsideDown UIInterfaceOrientationLandscapeLeft UIInterfaceOrientationLandscapeRight";
				INFOPLIST_KEY_UISupportedInterfaceOrientations_iPhone = "UIInterfaceOrientationPortrait UIInterfaceOrientationLandscapeLeft UIInterfaceOrientationLandscapeRight";
				LD_RUNPATH_SEARCH_PATHS = (
					"$(inherited)",
					"@executable_path/Frameworks",
				);
				MARKETING_VERSION = 1.0;
				PRODUCT_BUNDLE_IDENTIFIER = com.westhoelter.Card;
				PRODUCT_NAME = "$(TARGET_NAME)";
				SWIFT_EMIT_LOC_STRINGS = YES;
				SWIFT_VERSION = 5.0;
				TARGETED_DEVICE_FAMILY = "1,2";
			};
			name = Debug;
		};
		CF2C7FFC2C8FD1980050AD97 /* Release */ = {
			isa = XCBuildConfiguration;
			buildSettings = {
				ASSETCATALOG_COMPILER_APPICON_NAME = AppIcon;
				ASSETCATALOG_COMPILER_GLOBAL_ACCENT_COLOR_NAME = AccentColor;
				CODE_SIGN_STYLE = Automatic;
				CURRENT_PROJECT_VERSION = 1;
				DEVELOPMENT_ASSET_PATHS = "\"Card/Preview Content\"";
				ENABLE_PREVIEWS = YES;
				GENERATE_INFOPLIST_FILE = YES;
				INFOPLIST_FILE = Card/Info.plist;
				INFOPLIST_KEY_UIApplicationSceneManifest_Generation = YES;
				INFOPLIST_KEY_UIApplicationSupportsIndirectInputEvents = YES;
				INFOPLIST_KEY_UISupportedInterfaceOrientations_iPad = "UIInterfaceOrientationPortrait UIInterfaceOrientationPortraitUpsideDown UIInterfaceOrientationLandscapeLeft UIInterfaceOrientationLandscapeRight";
				INFOPLIST_KEY_UISupportedInterfaceOrientations_iPhone = "UIInterfaceOrientationPortrait UIInterfaceOrientationLandscapeLeft UIInterfaceOrientationLandscapeRight";
				LD_RUNPATH_SEARCH_PATHS = (
					"$(inherited)",
					"@executable_path/Frameworks",
				);
				MARKETING_VERSION = 1.0;
				PRODUCT_BUNDLE_IDENTIFIER = com.westhoelter.Card;
				PRODUCT_NAME = "$(TARGET_NAME)";
				SWIFT_EMIT_LOC_STRINGS = YES;
				SWIFT_VERSION = 5.0;
				TARGETED_DEVICE_FAMILY = "1,2";
			};
			name = Release;
		};
		CF2C7FFE2C8FD1980050AD97 /* Debug */ = {
			isa = XCBuildConfiguration;
			buildSettings = {
				ALWAYS_EMBED_SWIFT_STANDARD_LIBRARIES = YES;
				BUNDLE_LOADER = "$(TEST_HOST)";
				CODE_SIGN_STYLE = Automatic;
				CURRENT_PROJECT_VERSION = 1;
				GENERATE_INFOPLIST_FILE = YES;
				IPHONEOS_DEPLOYMENT_TARGET = 17.5;
				MARKETING_VERSION = 1.0;
				PRODUCT_BUNDLE_IDENTIFIER = com.westhoelter.CardTests;
				PRODUCT_NAME = "$(TARGET_NAME)";
				SWIFT_EMIT_LOC_STRINGS = NO;
				SWIFT_VERSION = 5.0;
				TARGETED_DEVICE_FAMILY = "1,2";
				TEST_HOST = "$(BUILT_PRODUCTS_DIR)/Card.app/$(BUNDLE_EXECUTABLE_FOLDER_PATH)/Card";
			};
			name = Debug;
		};
		CF2C7FFF2C8FD1980050AD97 /* Release */ = {
			isa = XCBuildConfiguration;
			buildSettings = {
				ALWAYS_EMBED_SWIFT_STANDARD_LIBRARIES = YES;
				BUNDLE_LOADER = "$(TEST_HOST)";
				CODE_SIGN_STYLE = Automatic;
				CURRENT_PROJECT_VERSION = 1;
				GENERATE_INFOPLIST_FILE = YES;
				IPHONEOS_DEPLOYMENT_TARGET = 17.5;
				MARKETING_VERSION = 1.0;
				PRODUCT_BUNDLE_IDENTIFIER = com.westhoelter.CardTests;
				PRODUCT_NAME = "$(TARGET_NAME)";
				SWIFT_EMIT_LOC_STRINGS = NO;
				SWIFT_VERSION = 5.0;
				TARGETED_DEVICE_FAMILY = "1,2";
				TEST_HOST = "$(BUILT_PRODUCTS_DIR)/Card.app/$(BUNDLE_EXECUTABLE_FOLDER_PATH)/Card";
			};
			name = Release;
		};
		CF2C80012C8FD1980050AD97 /* Debug */ = {
			isa = XCBuildConfiguration;
			buildSettings = {
				ALWAYS_EMBED_SWIFT_STANDARD_LIBRARIES = YES;
				CODE_SIGN_STYLE = Automatic;
				CURRENT_PROJECT_VERSION = 1;
				GENERATE_INFOPLIST_FILE = YES;
				MARKETING_VERSION = 1.0;
				PRODUCT_BUNDLE_IDENTIFIER = com.westhoelter.CardUITests;
				PRODUCT_NAME = "$(TARGET_NAME)";
				SWIFT_EMIT_LOC_STRINGS = NO;
				SWIFT_VERSION = 5.0;
				TARGETED_DEVICE_FAMILY = "1,2";
				TEST_TARGET_NAME = Card;
			};
			name = Debug;
		};
		CF2C80022C8FD1980050AD97 /* Release */ = {
			isa = XCBuildConfiguration;
			buildSettings = {
				ALWAYS_EMBED_SWIFT_STANDARD_LIBRARIES = YES;
				CODE_SIGN_STYLE = Automatic;
				CURRENT_PROJECT_VERSION = 1;
				GENERATE_INFOPLIST_FILE = YES;
				MARKETING_VERSION = 1.0;
				PRODUCT_BUNDLE_IDENTIFIER = com.westhoelter.CardUITests;
				PRODUCT_NAME = "$(TARGET_NAME)";
				SWIFT_EMIT_LOC_STRINGS = NO;
				SWIFT_VERSION = 5.0;
				TARGETED_DEVICE_FAMILY = "1,2";
				TEST_TARGET_NAME = Card;
			};
			name = Release;
		};
/* End XCBuildConfiguration section */

/* Begin XCConfigurationList section */
		CF2C7FD12C8FD1970050AD97 /* Build configuration list for PBXProject "Card" */ = {
			isa = XCConfigurationList;
			buildConfigurations = (
				CF2C7FF82C8FD1980050AD97 /* Debug */,
				CF2C7FF92C8FD1980050AD97 /* Release */,
			);
			defaultConfigurationIsVisible = 0;
			defaultConfigurationName = Release;
		};
		CF2C7FFA2C8FD1980050AD97 /* Build configuration list for PBXNativeTarget "Card" */ = {
			isa = XCConfigurationList;
			buildConfigurations = (
				CF2C7FFB2C8FD1980050AD97 /* Debug */,
				CF2C7FFC2C8FD1980050AD97 /* Release */,
			);
			defaultConfigurationIsVisible = 0;
			defaultConfigurationName = Release;
		};
		CF2C7FFD2C8FD1980050AD97 /* Build configuration list for PBXNativeTarget "CardTests" */ = {
			isa = XCConfigurationList;
			buildConfigurations = (
				CF2C7FFE2C8FD1980050AD97 /* Debug */,
				CF2C7FFF2C8FD1980050AD97 /* Release */,
			);
			defaultConfigurationIsVisible = 0;
			defaultConfigurationName = Release;
		};
		CF2C80002C8FD1980050AD97 /* Build configuration list for PBXNativeTarget "CardUITests" */ = {
			isa = XCConfigurationList;
			buildConfigurations = (
				CF2C80012C8FD1980050AD97 /* Debug */,
				CF2C80022C8FD1980050AD97 /* Release */,
			);
			defaultConfigurationIsVisible = 0;
			defaultConfigurationName = Release;
		};
/* End XCConfigurationList section */
	};
	rootObject = CF2C7FCE2C8FD1970050AD97 /* Project object */;
}
